
Microsoft Visual Studio Solution File, Format Version 12.00
# Visual Studio Version 16
VisualStudioVersion = 16.0.32228.343
MinimumVisualStudioVersion = 10.0.40219.1
Project("{FAE04EC0-301F-11D3-BF4B-00C04F79EFBC}") = "MyForm", "MyForm\MyForm.csproj", "{EDEC077A-645F-46BB-ABD0-C1CA86E3B651}"
EndProject
Global
	GlobalSection(SolutionConfigurationPlatforms) = preSolution
		Debug|Any CPU = Debug|Any CPU
		Release|Any CPU = Release|Any CPU
	EndGlobalSection
	GlobalSection(ProjectConfigurationPlatforms) = postSolution
		{EDEC077A-645F-46BB-ABD0-C1CA86E3B651}.Debug|Any CPU.ActiveCfg = Debug|Any CPU
		{EDEC077A-645F-46BB-ABD0-C1CA86E3B651}.Debug|Any CPU.Build.0 = Debug|Any CPU
		{EDEC077A-645F-46BB-ABD0-C1CA86E3B651}.Release|Any CPU.ActiveCfg = Release|Any CPU
		{EDEC077A-645F-46BB-ABD0-C1CA86E3B651}.Release|Any CPU.Build.0 = Release|Any CPU
	EndGlobalSection
	GlobalSection(SolutionProperties) = preSolution
		HideSolutionNode = FALSE
	EndGlobalSection
	GlobalSection(ExtensibilityGlobals) = postSolution
		SolutionGuid = {0792857F-E824-4282-AB77-0250013A0F9F}
	EndGlobalSection
EndGlobal
